lockfileVersion: 5.4

specifiers:
  react-toastify: ^9.1.1

dependencies:
  react-toastify: 9.1.1

packages:

  /clsx/1.2.1:
    resolution: {integrity: sha512-EcR6r5a8bj6pu3ycsa/E/cKVGuTgZJZdsyUYHOksG/UHIiKfjxzRxYJpyVBwYaQeOvghal9fcc4PidlgzugAQg==}
    engines: {node: '>=6'}
    dev: false

  /react-toastify/9.1.1:
    resolution: {integrity: sha512-pkFCla1z3ve045qvjEmn2xOJOy4ZciwRXm1oMPULVkELi5aJdHCN/FHnuqXq8IwGDLB7PPk2/J6uP9D8ejuiRw==}
    peerDependencies:
      react: '>=16'
      react-dom: '>=16'
    dependencies:
      clsx: 1.2.1
    dev: false
